
Microsoft Visual Studio Solution File, Format Version 12.00
# Visual Studio Version 16
VisualStudioVersion = 16.0.31729.503
MinimumVisualStudioVersion = 10.0.40219.1
Project("{FAE04EC0-301F-11D3-BF4B-00C04F79EFBC}") = "01_FactoryMethod", "01_FactoryMethod\01_FactoryMethod.csproj", "{5591E361-5BBD-48EF-B79F-1906E447B92C}"
EndProject
Project("{FAE04EC0-301F-11D3-BF4B-00C04F79EFBC}") = "02_AbstractFactory", "02_AbstractFactory\02_AbstractFactory.csproj", "{F5DD438C-F0CE-4323-94EF-B0C7326DC197}"
EndProject
Project("{FAE04EC0-301F-11D3-BF4B-00C04F79EFBC}") = "03_Builder", "03_Builder\03_Builder.csproj", "{DDE8C8A9-D856-4F45-B855-30D2FBC09E6B}"
EndProject
Project("{FAE04EC0-301F-11D3-BF4B-00C04F79EFBC}") = "04_Adapter", "04_Adapter\04_Adapter.csproj", "{DDE35676-7BF8-45F4-BBEF-F474800522E5}"
EndProject
Global
	GlobalSection(SolutionConfigurationPlatforms) = preSolution
		Debug|Any CPU = Debug|Any CPU
		Release|Any CPU = Release|Any CPU
	EndGlobalSection
	GlobalSection(ProjectConfigurationPlatforms) = postSolution
		{5591E361-5BBD-48EF-B79F-1906E447B92C}.Debug|Any CPU.ActiveCfg = Debug|Any CPU
		{5591E361-5BBD-48EF-B79F-1906E447B92C}.Debug|Any CPU.Build.0 = Debug|Any CPU
		{5591E361-5BBD-48EF-B79F-1906E447B92C}.Release|Any CPU.ActiveCfg = Release|Any CPU
		{5591E361-5BBD-48EF-B79F-1906E447B92C}.Release|Any CPU.Build.0 = Release|Any CPU
		{F5DD438C-F0CE-4323-94EF-B0C7326DC197}.Debug|Any CPU.ActiveCfg = Debug|Any CPU
		{F5DD438C-F0CE-4323-94EF-B0C7326DC197}.Debug|Any CPU.Build.0 = Debug|Any CPU
		{F5DD438C-F0CE-4323-94EF-B0C7326DC197}.Release|Any CPU.ActiveCfg = Release|Any CPU
		{F5DD438C-F0CE-4323-94EF-B0C7326DC197}.Release|Any CPU.Build.0 = Release|Any CPU
		{DDE8C8A9-D856-4F45-B855-30D2FBC09E6B}.Debug|Any CPU.ActiveCfg = Debug|Any CPU
		{DDE8C8A9-D856-4F45-B855-30D2FBC09E6B}.Debug|Any CPU.Build.0 = Debug|Any CPU
		{DDE8C8A9-D856-4F45-B855-30D2FBC09E6B}.Release|Any CPU.ActiveCfg = Release|Any CPU
		{DDE8C8A9-D856-4F45-B855-30D2FBC09E6B}.Release|Any CPU.Build.0 = Release|Any CPU
		{DDE35676-7BF8-45F4-BBEF-F474800522E5}.Debug|Any CPU.ActiveCfg = Debug|Any CPU
		{DDE35676-7BF8-45F4-BBEF-F474800522E5}.Debug|Any CPU.Build.0 = Debug|Any CPU
		{DDE35676-7BF8-45F4-BBEF-F474800522E5}.Release|Any CPU.ActiveCfg = Release|Any CPU
		{DDE35676-7BF8-45F4-BBEF-F474800522E5}.Release|Any CPU.Build.0 = Release|Any CPU
	EndGlobalSection
	GlobalSection(SolutionProperties) = preSolution
		HideSolutionNode = FALSE
	EndGlobalSection
	GlobalSection(ExtensibilityGlobals) = postSolution
		SolutionGuid = {BCC05331-0514-4480-8619-C11582D806F8}
	EndGlobalSection
EndGlobal
